// !$*UTF8*$!
{
	archiveVersion = 1;
	classes = {
	};
	objectVersion = 56;
	objects = {

/* Begin PBXBuildFile section */
		F72ED27D2C3D092B00992456 /* TodoListApp.swift in Sources */ = {isa = PBXBuildFile; fileRef = F72ED27C2C3D092B00992456 /* TodoListApp.swift */; };
		F72ED2812C3D092C00992456 /* Assets.xcassets in Resources */ = {isa = PBXBuildFile; fileRef = F72ED2802C3D092C00992456 /* Assets.xcassets */; };
		F72ED2842C3D092C00992456 /* Preview Assets.xcassets in Resources */ = {isa = PBXBuildFile; fileRef = F72ED2832C3D092C00992456 /* Preview Assets.xcassets */; };
		F72ED28C2C3D09B100992456 /* ListView.swift in Sources */ = {isa = PBXBuildFile; fileRef = F72ED28B2C3D09B100992456 /* ListView.swift */; };
		F72ED28E2C3D0DCD00992456 /* ListRowView.swift in Sources */ = {isa = PBXBuildFile; fileRef = F72ED28D2C3D0DCD00992456 /* ListRowView.swift */; };
		F72ED2902C3D0FA100992456 /* AddItemView.swift in Sources */ = {isa = PBXBuildFile; fileRef = F72ED28F2C3D0FA100992456 /* AddItemView.swift */; };
		F72ED2952C3D16CC00992456 /* ItemModel.swift in Sources */ = {isa = PBXBuildFile; fileRef = F72ED2942C3D16CC00992456 /* ItemModel.swift */; };
		F72ED2982C3D527900992456 /* ListViewModel.swift in Sources */ = {isa = PBXBuildFile; fileRef = F72ED2972C3D527900992456 /* ListViewModel.swift */; };
		F72ED29A2C3D908400992456 /* NoItemView.swift in Sources */ = {isa = PBXBuildFile; fileRef = F72ED2992C3D908400992456 /* NoItemView.swift */; };
		F72ED29C2C3DB39000992456 /* LaunchScreen.storyboard in Resources */ = {isa = PBXBuildFile; fileRef = F72ED29B2C3DB39000992456 /* LaunchScreen.storyboard */; };
		F7307A7C2C3E3933001D9F44 /* DetailRowView.swift in Sources */ = {isa = PBXBuildFile; fileRef = F7307A7B2C3E3933001D9F44 /* DetailRowView.swift */; };
		F7307A7E2C3E45A3001D9F44 /* DetailRowViewModel.swift in Sources */ = {isa = PBXBuildFile; fileRef = F7307A7D2C3E45A3001D9F44 /* DetailRowViewModel.swift */; };
		F73A38142C45B0AE00610BDE /* NotificationManager.swift in Sources */ = {isa = PBXBuildFile; fileRef = F73A38132C45B0AE00610BDE /* NotificationManager.swift */; };
/* End PBXBuildFile section */

/* Begin PBXFileReference section */
		F72ED2792C3D092B00992456 /* TodoList.app */ = {isa = PBXFileReference; explicitFileType = wrapper.application; includeInIndex = 0; path = TodoList.app; sourceTree = BUILT_PRODUCTS_DIR; };
		F72ED27C2C3D092B00992456 /* TodoListApp.swift */ = {isa = PBXFileReference; lastKnownFileType = sourcecode.swift; path = TodoListApp.swift; sourceTree = "<group>"; };
		F72ED2802C3D092C00992456 /* Assets.xcassets */ = {isa = PBXFileReference; lastKnownFileType = folder.assetcatalog; path = Assets.xcassets; sourceTree = "<group>"; };
		F72ED2832C3D092C00992456 /* Preview Assets.xcassets */ = {isa = PBXFileReference; lastKnownFileType = folder.assetcatalog; path = "Preview Assets.xcassets"; sourceTree = "<group>"; };
		F72ED28B2C3D09B100992456 /* ListView.swift */ = {isa = PBXFileReference; lastKnownFileType = sourcecode.swift; path = ListView.swift; sourceTree = "<group>"; };
		F72ED28D2C3D0DCD00992456 /* ListRowView.swift */ = {isa = PBXFileReference; lastKnownFileType = sourcecode.swift; path = ListRowView.swift; sourceTree = "<group>"; };
		F72ED28F2C3D0FA100992456 /* AddItemView.swift */ = {isa = PBXFileReference; lastKnownFileType = sourcecode.swift; path = AddItemView.swift; sourceTree = "<group>"; };
		F72ED2942C3D16CC00992456 /* ItemModel.swift */ = {isa = PBXFileReference; lastKnownFileType = sourcecode.swift; path = ItemModel.swift; sourceTree = "<group>"; };
		F72ED2972C3D527900992456 /* ListViewModel.swift */ = {isa = PBXFileReference; lastKnownFileType = sourcecode.swift; path = ListViewModel.swift; sourceTree = "<group>"; };
		F72ED2992C3D908400992456 /* NoItemView.swift */ = {isa = PBXFileReference; lastKnownFileType = sourcecode.swift; path = NoItemView.swift; sourceTree = "<group>"; };
		F72ED29B2C3DB39000992456 /* LaunchScreen.storyboard */ = {isa = PBXFileReference; lastKnownFileType = file.storyboard; path = LaunchScreen.storyboard; sourceTree = "<group>"; };
		F7307A7B2C3E3933001D9F44 /* DetailRowView.swift */ = {isa = PBXFileReference; lastKnownFileType = sourcecode.swift; path = DetailRowView.swift; sourceTree = "<group>"; };
		F7307A7D2C3E45A3001D9F44 /* DetailRowViewModel.swift */ = {isa = PBXFileReference; lastKnownFileType = sourcecode.swift; path = DetailRowViewModel.swift; sourceTree = "<group>"; };
		F73A38132C45B0AE00610BDE /* NotificationManager.swift */ = {isa = PBXFileReference; lastKnownFileType = sourcecode.swift; path = NotificationManager.swift; sourceTree = "<group>"; };
/* End PBXFileReference section */

/* Begin PBXFrameworksBuildPhase section */
		F72ED2762C3D092B00992456 /* Frameworks */ = {
			isa = PBXFrameworksBuildPhase;
			buildActionMask = 2147483647;
			files = (
			);
			runOnlyForDeploymentPostprocessing = 0;
		};
/* End PBXFrameworksBuildPhase section */

/* Begin PBXGroup section */
		F72ED2702C3D092B00992456 = {
			isa = PBXGroup;
			children = (
				F72ED27B2C3D092B00992456 /* TodoList */,
				F72ED27A2C3D092B00992456 /* Products */,
			);
			sourceTree = "<group>";
		};
		F72ED27A2C3D092B00992456 /* Products */ = {
			isa = PBXGroup;
			children = (
				F72ED2792C3D092B00992456 /* TodoList.app */,
			);
			name = Products;
			sourceTree = "<group>";
		};
		F72ED27B2C3D092B00992456 /* TodoList */ = {
			isa = PBXGroup;
			children = (
				F72ED27C2C3D092B00992456 /* TodoListApp.swift */,
				F73A38122C45AFA400610BDE /* Manager */,
				F72ED2912C3D16A800992456 /* Models */,
				F72ED28A2C3D099E00992456 /* Views */,
				F72ED2962C3D525C00992456 /* ViewModels */,
				F72ED2802C3D092C00992456 /* Assets.xcassets */,
				F72ED2822C3D092C00992456 /* Preview Content */,
			);
			path = TodoList;
			sourceTree = "<group>";
		};
		F72ED2822C3D092C00992456 /* Preview Content */ = {
			isa = PBXGroup;
			children = (
				F72ED2832C3D092C00992456 /* Preview Assets.xcassets */,
			);
			path = "Preview Content";
			sourceTree = "<group>";
		};
		F72ED28A2C3D099E00992456 /* Views */ = {
			isa = PBXGroup;
			children = (
				F72ED28B2C3D09B100992456 /* ListView.swift */,
				F72ED28D2C3D0DCD00992456 /* ListRowView.swift */,
				F72ED28F2C3D0FA100992456 /* AddItemView.swift */,
				F72ED2992C3D908400992456 /* NoItemView.swift */,
				F7307A7B2C3E3933001D9F44 /* DetailRowView.swift */,
				F72ED29B2C3DB39000992456 /* LaunchScreen.storyboard */,
			);
			path = Views;
			sourceTree = "<group>";
		};
		F72ED2912C3D16A800992456 /* Models */ = {
			isa = PBXGroup;
			children = (
				F72ED2942C3D16CC00992456 /* ItemModel.swift */,
			);
			path = Models;
			sourceTree = "<group>";
		};
		F72ED2962C3D525C00992456 /* ViewModels */ = {
			isa = PBXGroup;
			children = (
				F72ED2972C3D527900992456 /* ListViewModel.swift */,
				F7307A7D2C3E45A3001D9F44 /* DetailRowViewModel.swift */,
			);
			path = ViewModels;
			sourceTree = "<group>";
		};
		F73A38122C45AFA400610BDE /* Manager */ = {
			isa = PBXGroup;
			children = (
				F73A38132C45B0AE00610BDE /* NotificationManager.swift */,
			);
			path = Manager;
			sourceTree = "<group>";
		};
/* End PBXGroup section */

/* Begin PBXNativeTarget section */
		F72ED2782C3D092B00992456 /* TodoList */ = {
			isa = PBXNativeTarget;
			buildConfigurationList = F72ED2872C3D092C00992456 /* Build configuration list for PBXNativeTarget "TodoList" */;
			buildPhases = (
				F72ED2752C3D092B00992456 /* Sources */,
				F72ED2762C3D092B00992456 /* Frameworks */,
				F72ED2772C3D092B00992456 /* Resources */,
			);
			buildRules = (
			);
			dependencies = (
			);
			name = TodoList;
			productName = TodoList;
			productReference = F72ED2792C3D092B00992456 /* TodoList.app */;
			productType = "com.apple.product-type.application";
		};
/* End PBXNativeTarget section */

/* Begin PBXProject section */
		F72ED2712C3D092B00992456 /* Project object */ = {
			isa = PBXProject;
			attributes = {
				BuildIndependentTargetsInParallel = 1;
				LastSwiftUpdateCheck = 1540;
				LastUpgradeCheck = 1540;
				TargetAttributes = {
					F72ED2782C3D092B00992456 = {
						CreatedOnToolsVersion = 15.4;
					};
				};
			};
			buildConfigurationList = F72ED2742C3D092B00992456 /* Build configuration list for PBXProject "TodoList" */;
			compatibilityVersion = "Xcode 14.0";
			developmentRegion = en;
			hasScannedForEncodings = 0;
			knownRegions = (
				en,
				Base,
			);
			mainGroup = F72ED2702C3D092B00992456;
			productRefGroup = F72ED27A2C3D092B00992456 /* Products */;
			projectDirPath = "";
			projectRoot = "";
			targets = (
				F72ED2782C3D092B00992456 /* TodoList */,
			);
		};
/* End PBXProject section */

/* Begin PBXResourcesBuildPhase section */
		F72ED2772C3D092B00992456 /* Resources */ = {
			isa = PBXResourcesBuildPhase;
			buildActionMask = 2147483647;
			files = (
				F72ED29C2C3DB39000992456 /* LaunchScreen.storyboard in Resources */,
				F72ED2842C3D092C00992456 /* Preview Assets.xcassets in Resources */,
				F72ED2812C3D092C00992456 /* Assets.xcassets in Resources */,
			);
			runOnlyForDeploymentPostprocessing = 0;
		};
/* End PBXResourcesBuildPhase section */

/* Begin PBXSourcesBuildPhase section */
		F72ED2752C3D092B00992456 /* Sources */ = {
			isa = PBXSourcesBuildPhase;
			buildActionMask = 2147483647;
			files = (
				F72ED2952C3D16CC00992456 /* ItemModel.swift in Sources */,
				F72ED29A2C3D908400992456 /* NoItemView.swift in Sources */,
				F73A38142C45B0AE00610BDE /* NotificationManager.swift in Sources */,
				F72ED28C2C3D09B100992456 /* ListView.swift in Sources */,
				F72ED2982C3D527900992456 /* ListViewModel.swift in Sources */,
				F7307A7C2C3E3933001D9F44 /* DetailRowView.swift in Sources */,
				F72ED27D2C3D092B00992456 /* TodoListApp.swift in Sources */,
				F7307A7E2C3E45A3001D9F44 /* DetailRowViewModel.swift in Sources */,
				F72ED28E2C3D0DCD00992456 /* ListRowView.swift in Sources */,
				F72ED2902C3D0FA100992456 /* AddItemView.swift in Sources */,
			);
			runOnlyForDeploymentPostprocessing = 0;
		};
/* End PBXSourcesBuildPhase section */

/* Begin XCBuildConfiguration section */
		F72ED2852C3D092C00992456 /* Debug */ = {
			isa = XCBuildConfiguration;
			buildSettings = {
				ALWAYS_SEARCH_USER_PATHS = NO;
				ASSETCATALOG_COMPILER_GENERATE_SWIFT_ASSET_SYMBOL_EXTENSIONS = YES;
				CLANG_ANALYZER_NONNULL = YES;
				CLANG_ANALYZER_NUMBER_OBJECT_CONVERSION = YES_AGGRESSIVE;
				CLANG_CXX_LANGUAGE_STANDARD = "gnu++20";
				CLANG_ENABLE_MODULES = YES;
				CLANG_ENABLE_OBJC_ARC = YES;
				CLANG_ENABLE_OBJC_WEAK = YES;
				CLANG_WARN_BLOCK_CAPTURE_AUTORELEASING = YES;
				CLANG_WARN_BOOL_CONVERSION = YES;
				CLANG_WARN_COMMA = YES;
				CLANG_WARN_CONSTANT_CONVERSION = YES;
				CLANG_WARN_DEPRECATED_OBJC_IMPLEMENTATIONS = YES;
				CLANG_WARN_DIRECT_OBJC_ISA_USAGE = YES_ERROR;
				CLANG_WARN_DOCUMENTATION_COMMENTS = YES;
				CLANG_WARN_EMPTY_BODY = YES;
				CLANG_WARN_ENUM_CONVERSION = YES;
				CLANG_WARN_INFINITE_RECURSION = YES;
				CLANG_WARN_INT_CONVERSION = YES;
				CLANG_WARN_NON_LITERAL_NULL_CONVERSION = YES;
				CLANG_WARN_OBJC_IMPLICIT_RETAIN_SELF = YES;
				CLANG_WARN_OBJC_LITERAL_CONVERSION = YES;
				CLANG_WARN_OBJC_ROOT_CLASS = YES_ERROR;
				CLANG_WARN_QUOTED_INCLUDE_IN_FRAMEWORK_HEADER = YES;
				CLANG_WARN_RANGE_LOOP_ANALYSIS = YES;
				CLANG_WARN_STRICT_PROTOTYPES = YES;
				CLANG_WARN_SUSPICIOUS_MOVE = YES;
				CLANG_WARN_UNGUARDED_AVAILABILITY = YES_AGGRESSIVE;
				CLANG_WARN_UNREACHABLE_CODE = YES;
				CLANG_WARN__DUPLICATE_METHOD_MATCH = YES;
				COPY_PHASE_STRIP = NO;
				DEBUG_INFORMATION_FORMAT = dwarf;
				ENABLE_STRICT_OBJC_MSGSEND = YES;
				ENABLE_TESTABILITY = YES;
				ENABLE_USER_SCRIPT_SANDBOXING = YES;
				GCC_C_LANGUAGE_STANDARD = gnu17;
				GCC_DYNAMIC_NO_PIC = NO;
				GCC_NO_COMMON_BLOCKS = YES;
				GCC_OPTIMIZATION_LEVEL = 0;
				GCC_PREPROCESSOR_DEFINITIONS = (
					"DEBUG=1",
					"$(inherited)",
				);
				GCC_WARN_64_TO_32_BIT_CONVERSION = YES;
				GCC_WARN_ABOUT_RETURN_TYPE = YES_ERROR;
				GCC_WARN_UNDECLARED_SELECTOR = YES;
				GCC_WARN_UNINITIALIZED_AUTOS = YES_AGGRESSIVE;
				GCC_WARN_UNUSED_FUNCTION = YES;
				GCC_WARN_UNUSED_VARIABLE = YES;
				IPHONEOS_DEPLOYMENT_TARGET = 17.5;
				LOCALIZATION_PREFERS_STRING_CATALOGS = YES;
				MTL_ENABLE_DEBUG_INFO = INCLUDE_SOURCE;
				MTL_FAST_MATH = YES;
				ONLY_ACTIVE_ARCH = YES;
				SDKROOT = iphoneos;
				SWIFT_ACTIVE_COMPILATION_CONDITIONS = "DEBUG $(inherited)";
				SWIFT_OPTIMIZATION_LEVEL = "-Onone";
			};
			name = Debug;
		};
		F72ED2862C3D092C00992456 /* Release */ = {
			isa = XCBuildConfiguration;
			buildSettings = {
				ALWAYS_SEARCH_USER_PATHS = NO;
				ASSETCATALOG_COMPILER_GENERATE_SWIFT_ASSET_SYMBOL_EXTENSIONS = YES;
				CLANG_ANALYZER_NONNULL = YES;
				CLANG_ANALYZER_NUMBER_OBJECT_CONVERSION = YES_AGGRESSIVE;
				CLANG_CXX_LANGUAGE_STANDARD = "gnu++20";
				CLANG_ENABLE_MODULES = YES;
				CLANG_ENABLE_OBJC_ARC = YES;
				CLANG_ENABLE_OBJC_WEAK = YES;
				CLANG_WARN_BLOCK_CAPTURE_AUTORELEASING = YES;
				CLANG_WARN_BOOL_CONVERSION = YES;
				CLANG_WARN_COMMA = YES;
				CLANG_WARN_CONSTANT_CONVERSION = YES;
				CLANG_WARN_DEPRECATED_OBJC_IMPLEMENTATIONS = YES;
				CLANG_WARN_DIRECT_OBJC_ISA_USAGE = YES_ERROR;
				CLANG_WARN_DOCUMENTATION_COMMENTS = YES;
				CLANG_WARN_EMPTY_BODY = YES;
				CLANG_WARN_ENUM_CONVERSION = YES;
				CLANG_WARN_INFINITE_RECURSION = YES;
				CLANG_WARN_INT_CONVERSION = YES;
				CLANG_WARN_NON_LITERAL_NULL_CONVERSION = YES;
				CLANG_WARN_OBJC_IMPLICIT_RETAIN_SELF = YES;
				CLANG_WARN_OBJC_LITERAL_CONVERSION = YES;
				CLANG_WARN_OBJC_ROOT_CLASS = YES_ERROR;
				CLANG_WARN_QUOTED_INCLUDE_IN_FRAMEWORK_HEADER = YES;
				CLANG_WARN_RANGE_LOOP_ANALYSIS = YES;
				CLANG_WARN_STRICT_PROTOTYPES = YES;
				CLANG_WARN_SUSPICIOUS_MOVE = YES;
				CLANG_WARN_UNGUARDED_AVAILABILITY = YES_AGGRESSIVE;
				CLANG_WARN_UNREACHABLE_CODE = YES;
				CLANG_WARN__DUPLICATE_METHOD_MATCH = YES;
				COPY_PHASE_STRIP = NO;
				DEBUG_INFORMATION_FORMAT = "dwarf-with-dsym";
				ENABLE_NS_ASSERTIONS = NO;
				ENABLE_STRICT_OBJC_MSGSEND = YES;
				ENABLE_USER_SCRIPT_SANDBOXING = YES;
				GCC_C_LANGUAGE_STANDARD = gnu17;
				GCC_NO_COMMON_BLOCKS = YES;
				GCC_WARN_64_TO_32_BIT_CONVERSION = YES;
				GCC_WARN_ABOUT_RETURN_TYPE = YES_ERROR;
				GCC_WARN_UNDECLARED_SELECTOR = YES;
				GCC_WARN_UNINITIALIZED_AUTOS = YES_AGGRESSIVE;
				GCC_WARN_UNUSED_FUNCTION = YES;
				GCC_WARN_UNUSED_VARIABLE = YES;
				IPHONEOS_DEPLOYMENT_TARGET = 17.5;
				LOCALIZATION_PREFERS_STRING_CATALOGS = YES;
				MTL_ENABLE_DEBUG_INFO = NO;
				MTL_FAST_MATH = YES;
				SDKROOT = iphoneos;
				SWIFT_COMPILATION_MODE = wholemodule;
				VALIDATE_PRODUCT = YES;
			};
			name = Release;
		};
		F72ED2882C3D092C00992456 /* Debug */ = {
			isa = XCBuildConfiguration;
			buildSettings = {
				ASSETCATALOG_COMPILER_APPICON_NAME = AppIcon;
				ASSETCATALOG_COMPILER_GLOBAL_ACCENT_COLOR_NAME = AccentColor;
				CODE_SIGN_STYLE = Automatic;
				CURRENT_PROJECT_VERSION = 1;
				DEVELOPMENT_ASSET_PATHS = "\"TodoList/Preview Content\"";
				DEVELOPMENT_TEAM = 2F6FZV8L79;
				ENABLE_PREVIEWS = YES;
				GENERATE_INFOPLIST_FILE = YES;
				INFOPLIST_KEY_CFBundleDisplayName = "Task Nest";
				INFOPLIST_KEY_LSApplicationCategoryType = "public.app-category.education";
				INFOPLIST_KEY_UIApplicationSceneManifest_Generation = YES;
				INFOPLIST_KEY_UIApplicationSupportsIndirectInputEvents = YES;
				INFOPLIST_KEY_UILaunchScreen_Generation = YES;
				INFOPLIST_KEY_UILaunchStoryboardName = LaunchScreen.storyboard;
				INFOPLIST_KEY_UISupportedInterfaceOrientations_iPad = "UIInterfaceOrientationPortrait UIInterfaceOrientationPortraitUpsideDown UIInterfaceOrientationLandscapeLeft UIInterfaceOrientationLandscapeRight";
				INFOPLIST_KEY_UISupportedInterfaceOrientations_iPhone = "UIInterfaceOrientationPortrait UIInterfaceOrientationLandscapeLeft UIInterfaceOrientationLandscapeRight";
				LD_RUNPATH_SEARCH_PATHS = (
					"$(inherited)",
					"@executable_path/Frameworks",
				);
				MARKETING_VERSION = 1.0;
				PRODUCT_BUNDLE_IDENTIFIER = atallah.TodoList;
				PRODUCT_NAME = "$(TARGET_NAME)";
				SWIFT_EMIT_LOC_STRINGS = YES;
				SWIFT_VERSION = 5.0;
				TARGETED_DEVICE_FAMILY = "1,2";
			};
			name = Debug;
		};
		F72ED2892C3D092C00992456 /* Release */ = {
			isa = XCBuildConfiguration;
			buildSettings = {
				ASSETCATALOG_COMPILER_APPICON_NAME = AppIcon;
				ASSETCATALOG_COMPILER_GLOBAL_ACCENT_COLOR_NAME = AccentColor;
				CODE_SIGN_STYLE = Automatic;
				CURRENT_PROJECT_VERSION = 1;
				DEVELOPMENT_ASSET_PATHS = "\"TodoList/Preview Content\"";
				DEVELOPMENT_TEAM = 2F6FZV8L79;
				ENABLE_PREVIEWS = YES;
				GENERATE_INFOPLIST_FILE = YES;
				INFOPLIST_KEY_CFBundleDisplayName = "Task Nest";
				INFOPLIST_KEY_LSApplicationCategoryType = "public.app-category.education";
				INFOPLIST_KEY_UIApplicationSceneManifest_Generation = YES;
				INFOPLIST_KEY_UIApplicationSupportsIndirectInputEvents = YES;
				INFOPLIST_KEY_UILaunchScreen_Generation = YES;
				INFOPLIST_KEY_UILaunchStoryboardName = LaunchScreen.storyboard;
				INFOPLIST_KEY_UISupportedInterfaceOrientations_iPad = "UIInterfaceOrientationPortrait UIInterfaceOrientationPortraitUpsideDown UIInterfaceOrientationLandscapeLeft UIInterfaceOrientationLandscapeRight";
				INFOPLIST_KEY_UISupportedInterfaceOrientations_iPhone = "UIInterfaceOrientationPortrait UIInterfaceOrientationLandscapeLeft UIInterfaceOrientationLandscapeRight";
				LD_RUNPATH_SEARCH_PATHS = (
					"$(inherited)",
					"@executable_path/Frameworks",
				);
				MARKETING_VERSION = 1.0;
				PRODUCT_BUNDLE_IDENTIFIER = atallah.TodoList;
				PRODUCT_NAME = "$(TARGET_NAME)";
				SWIFT_EMIT_LOC_STRINGS = YES;
				SWIFT_VERSION = 5.0;
				TARGETED_DEVICE_FAMILY = "1,2";
			};
			name = Release;
		};
/* End XCBuildConfiguration section */

/* Begin XCConfigurationList section */
		F72ED2742C3D092B00992456 /* Build configuration list for PBXProject "TodoList" */ = {
			isa = XCConfigurationList;
			buildConfigurations = (
				F72ED2852C3D092C00992456 /* Debug */,
				F72ED2862C3D092C00992456 /* Release */,
			);
			defaultConfigurationIsVisible = 0;
			defaultConfigurationName = Release;
		};
		F72ED2872C3D092C00992456 /* Build configuration list for PBXNativeTarget "TodoList" */ = {
			isa = XCConfigurationList;
			buildConfigurations = (
				F72ED2882C3D092C00992456 /* Debug */,
				F72ED2892C3D092C00992456 /* Release */,
			);
			defaultConfigurationIsVisible = 0;
			defaultConfigurationName = Release;
		};
/* End XCConfigurationList section */
	};
	rootObject = F72ED2712C3D092B00992456 /* Project object */;
}
